
Microsoft Visual Studio Solution File, Format Version 12.00
# Visual Studio Version 17
VisualStudioVersion = 17.10.35013.160
MinimumVisualStudioVersion = 10.0.40219.1
Project("{9A19103F-16F7-4668-BE54-9A1E7A4F7556}") = "set1CTitleService", "set1CTitleService\set1CTitleService.csproj", "{CDD7AB2B-516F-42CB-97EB-E885DF70F3EC}"
EndProject
Project("{9A19103F-16F7-4668-BE54-9A1E7A4F7556}") = "Service1C", "Service1C\Service1C.csproj", "{20C9D8BC-FB49-414E-81C8-FB2FD3AA93E8}"
EndProject
Global
	GlobalSection(SolutionConfigurationPlatforms) = preSolution
		Debug|Any CPU = Debug|Any CPU
		Release|Any CPU = Release|Any CPU
	EndGlobalSection
	GlobalSection(ProjectConfigurationPlatforms) = postSolution
		{CDD7AB2B-516F-42CB-97EB-E885DF70F3EC}.Debug|Any CPU.ActiveCfg = Debug|Any CPU
		{CDD7AB2B-516F-42CB-97EB-E885DF70F3EC}.Debug|Any CPU.Build.0 = Debug|Any CPU
		{CDD7AB2B-516F-42CB-97EB-E885DF70F3EC}.Release|Any CPU.ActiveCfg = Release|Any CPU
		{CDD7AB2B-516F-42CB-97EB-E885DF70F3EC}.Release|Any CPU.Build.0 = Release|Any CPU
		{20C9D8BC-FB49-414E-81C8-FB2FD3AA93E8}.Debug|Any CPU.ActiveCfg = Debug|Any CPU
		{20C9D8BC-FB49-414E-81C8-FB2FD3AA93E8}.Debug|Any CPU.Build.0 = Debug|Any CPU
		{20C9D8BC-FB49-414E-81C8-FB2FD3AA93E8}.Release|Any CPU.ActiveCfg = Release|Any CPU
		{20C9D8BC-FB49-414E-81C8-FB2FD3AA93E8}.Release|Any CPU.Build.0 = Release|Any CPU
	EndGlobalSection
	GlobalSection(SolutionProperties) = preSolution
		HideSolutionNode = FALSE
	EndGlobalSection
	GlobalSection(ExtensibilityGlobals) = postSolution
		SolutionGuid = {3CA4D87A-CE74-4B7B-8082-2039A1088DF0}
	EndGlobalSection
EndGlobal
